# This file is automatically @generated by Cargo.
# It is not intended for manual editing.
version = 3

[[package]]
name = "krab"
version = "0.1.0"
dependencies = [
 "krab-core",
 "krab-fabric",
 "krab-node",
 "krab-proto",
 "krab-store",
]

[[package]]
name = "krab-core"
version = "0.1.0"

[[package]]
name = "krab-fabric"
version = "0.1.0"
dependencies = [
 "krab-core",
 "krab-proto",
]

[[package]]
name = "krab-node"
version = "0.1.0"
dependencies = [
 "krab-core",
 "krab-fabric",
 "krab-proto",
 "krab-store",
]

[[package]]
name = "krab-proto"
version = "0.1.0"
dependencies = [
 "krab-core",
]

[[package]]
name = "krab-sim"
version = "0.1.0"

[[package]]
name = "krab-store"
version = "0.1.0"
dependencies = [
 "krab-core",
]

[[package]]
name = "krab-tui"
version = "0.1.0"
dependencies = [
 "krab",
]
